
Microsoft Visual Studio Solution File, Format Version 12.00
# Visual Studio Version 17
VisualStudioVersion = 17.7.34024.191
MinimumVisualStudioVersion = 10.0.40219.1
Project("{FAE04EC0-301F-11D3-BF4B-00C04F79EFBC}") = "FinancialManagement.API", "Financial Management Server\FinancialManagement.API.csproj", "{55F193EE-0814-4401-AE54-D1EDD2610982}"
EndProject
Project("{FAE04EC0-301F-11D3-BF4B-00C04F79EFBC}") = "FinancialManagement.Core", "FinancialManagement.Core\FinancialManagement.Core.csproj", "{58BA9E57-E008-432A-9855-F377742B3C09}"
EndProject
Project("{FAE04EC0-301F-11D3-BF4B-00C04F79EFBC}") = "FinancialManagement.Data", "FinancialManagement.Data\FinancialManagement.Data.csproj", "{9357D002-417F-48AD-A6B3-BFFEC9E384F2}"
EndProject
Project("{FAE04EC0-301F-11D3-BF4B-00C04F79EFBC}") = "FinancialManagement.Service", "FinancialManagement.Service\FinancialManagement.Service.csproj", "{8431D072-27C5-4919-BE25-86F759A6ED29}"
EndProject
Global
	GlobalSection(SolutionConfigurationPlatforms) = preSolution
		Debug|Any CPU = Debug|Any CPU
		Release|Any CPU = Release|Any CPU
	EndGlobalSection
	GlobalSection(ProjectConfigurationPlatforms) = postSolution
		{55F193EE-0814-4401-AE54-D1EDD2610982}.Debug|Any CPU.ActiveCfg = Debug|Any CPU
		{55F193EE-0814-4401-AE54-D1EDD2610982}.Debug|Any CPU.Build.0 = Debug|Any CPU
		{55F193EE-0814-4401-AE54-D1EDD2610982}.Release|Any CPU.ActiveCfg = Release|Any CPU
		{55F193EE-0814-4401-AE54-D1EDD2610982}.Release|Any CPU.Build.0 = Release|Any CPU
		{58BA9E57-E008-432A-9855-F377742B3C09}.Debug|Any CPU.ActiveCfg = Debug|Any CPU
		{58BA9E57-E008-432A-9855-F377742B3C09}.Debug|Any CPU.Build.0 = Debug|Any CPU
		{58BA9E57-E008-432A-9855-F377742B3C09}.Release|Any CPU.ActiveCfg = Release|Any CPU
		{58BA9E57-E008-432A-9855-F377742B3C09}.Release|Any CPU.Build.0 = Release|Any CPU
		{9357D002-417F-48AD-A6B3-BFFEC9E384F2}.Debug|Any CPU.ActiveCfg = Debug|Any CPU
		{9357D002-417F-48AD-A6B3-BFFEC9E384F2}.Debug|Any CPU.Build.0 = Debug|Any CPU
		{9357D002-417F-48AD-A6B3-BFFEC9E384F2}.Release|Any CPU.ActiveCfg = Release|Any CPU
		{9357D002-417F-48AD-A6B3-BFFEC9E384F2}.Release|Any CPU.Build.0 = Release|Any CPU
		{8431D072-27C5-4919-BE25-86F759A6ED29}.Debug|Any CPU.ActiveCfg = Debug|Any CPU
		{8431D072-27C5-4919-BE25-86F759A6ED29}.Debug|Any CPU.Build.0 = Debug|Any CPU
		{8431D072-27C5-4919-BE25-86F759A6ED29}.Release|Any CPU.ActiveCfg = Release|Any CPU
		{8431D072-27C5-4919-BE25-86F759A6ED29}.Release|Any CPU.Build.0 = Release|Any CPU
	EndGlobalSection
	GlobalSection(SolutionProperties) = preSolution
		HideSolutionNode = FALSE
	EndGlobalSection
	GlobalSection(ExtensibilityGlobals) = postSolution
		SolutionGuid = {C81AA6E0-983C-4631-80B1-4CF2E1226CB8}
	EndGlobalSection
EndGlobal
